// !$*UTF8*$!
{
	archiveVersion = 1;
	classes = {
	};
	objectVersion = 48;
	objects = {

/* Begin PBXBuildFile section */
		D010293322E2FD11003DD7D1 /* Stack.swift in Sources */ = {isa = PBXBuildFile; fileRef = D010293222E2FD11003DD7D1 /* Stack.swift */; };
		D010293522E2FF46003DD7D1 /* LC020.swift in Sources */ = {isa = PBXBuildFile; fileRef = D010293422E2FF46003DD7D1 /* LC020.swift */; };
		D035AB0E22E30E820081438C /* LC224.swift in Sources */ = {isa = PBXBuildFile; fileRef = D035AB0D22E30E820081438C /* LC224.swift */; };
		D057A7F2229B9C8B00070756 /* LC206.swift in Sources */ = {isa = PBXBuildFile; fileRef = D057A7F1229B9C8B00070756 /* LC206.swift */; };
		D057A7F4229BA5E300070756 /* LC203.swift in Sources */ = {isa = PBXBuildFile; fileRef = D057A7F3229BA5E300070756 /* LC203.swift */; };
		D057AA32229BB55C00070756 /* LC083.swift in Sources */ = {isa = PBXBuildFile; fileRef = D057AA31229BB55C00070756 /* LC083.swift */; };
		D07088951F44535C009FB8FB /* Bubble.swift in Sources */ = {isa = PBXBuildFile; fileRef = D07088941F44535C009FB8FB /* Bubble.swift */; };
		D08920091F413AD5006BE533 /* main.swift in Sources */ = {isa = PBXBuildFile; fileRef = D08920081F413AD5006BE533 /* main.swift */; };
		D08920101F413B4C006BE533 /* Sort.swift in Sources */ = {isa = PBXBuildFile; fileRef = D089200F1F413B4C006BE533 /* Sort.swift */; };
		D08920121F414501006BE533 /* Others.swift in Sources */ = {isa = PBXBuildFile; fileRef = D08920111F414501006BE533 /* Others.swift */; };
		D08920141F414587006BE533 /* LeetCode.swift in Sources */ = {isa = PBXBuildFile; fileRef = D08920131F414587006BE533 /* LeetCode.swift */; };
		D0910404230BEFBF00F7D1C1 /* LinkedList.swift in Sources */ = {isa = PBXBuildFile; fileRef = D0910403230BEFBF00F7D1C1 /* LinkedList.swift */; };
		D0C0D14A1F44542E005DBDA4 /* Quick.swift in Sources */ = {isa = PBXBuildFile; fileRef = D0C0D1491F44542E005DBDA4 /* Quick.swift */; };
		D0C0D14F1F4454E1005DBDA4 /* LC001.swift in Sources */ = {isa = PBXBuildFile; fileRef = D0C0D14E1F4454E1005DBDA4 /* LC001.swift */; };
		D0C0D1511F445520005DBDA4 /* LC002.swift in Sources */ = {isa = PBXBuildFile; fileRef = D0C0D1501F445520005DBDA4 /* LC002.swift */; };
		D0C0D1531F445567005DBDA4 /* LC003.swift in Sources */ = {isa = PBXBuildFile; fileRef = D0C0D1521F445567005DBDA4 /* LC003.swift */; };
		D0C0D1551F44558B005DBDA4 /* LC414.swift in Sources */ = {isa = PBXBuildFile; fileRef = D0C0D1541F44558B005DBDA4 /* LC414.swift */; };
		D0C0D1571F4455D4005DBDA4 /* ListNode.swift in Sources */ = {isa = PBXBuildFile; fileRef = D0C0D1561F4455D4005DBDA4 /* ListNode.swift */; };
		D0C0D1591F44560E005DBDA4 /* LC007.swift in Sources */ = {isa = PBXBuildFile; fileRef = D0C0D1581F44560E005DBDA4 /* LC007.swift */; };
		D0C9D34B1FA1C78A0044F524 /* LC026.swift in Sources */ = {isa = PBXBuildFile; fileRef = D0C9D34A1FA1C78A0044F524 /* LC026.swift */; };
		D0EB01A523101A3700081DB3 /* Queue.swift in Sources */ = {isa = PBXBuildFile; fileRef = D0EB01A423101A3700081DB3 /* Queue.swift */; };
		D0EF7E67229CF38C00231298 /* LC876.swift in Sources */ = {isa = PBXBuildFile; fileRef = D0EF7E66229CF38C00231298 /* LC876.swift */; };
/* End PBXBuildFile section */

/* Begin PBXCopyFilesBuildPhase section */
		D08920031F413AD5006BE533 /* CopyFiles */ = {
			isa = PBXCopyFilesBuildPhase;
			buildActionMask = 2147483647;
			dstPath = /usr/share/man/man1/;
			dstSubfolderSpec = 0;
			files = (
			);
			runOnlyForDeploymentPostprocessing = 1;
		};
/* End PBXCopyFilesBuildPhase section */

/* Begin PBXFileReference section */
		D010293222E2FD11003DD7D1 /* Stack.swift */ = {isa = PBXFileReference; lastKnownFileType = sourcecode.swift; path = Stack.swift; sourceTree = "<group>"; };
		D010293422E2FF46003DD7D1 /* LC020.swift */ = {isa = PBXFileReference; lastKnownFileType = sourcecode.swift; path = LC020.swift; sourceTree = "<group>"; };
		D035AB0D22E30E820081438C /* LC224.swift */ = {isa = PBXFileReference; lastKnownFileType = sourcecode.swift; path = LC224.swift; sourceTree = "<group>"; };
		D057A7F1229B9C8B00070756 /* LC206.swift */ = {isa = PBXFileReference; lastKnownFileType = sourcecode.swift; path = LC206.swift; sourceTree = "<group>"; };
		D057A7F3229BA5E300070756 /* LC203.swift */ = {isa = PBXFileReference; lastKnownFileType = sourcecode.swift; path = LC203.swift; sourceTree = "<group>"; };
		D057AA31229BB55C00070756 /* LC083.swift */ = {isa = PBXFileReference; lastKnownFileType = sourcecode.swift; path = LC083.swift; sourceTree = "<group>"; };
		D07088941F44535C009FB8FB /* Bubble.swift */ = {isa = PBXFileReference; fileEncoding = 4; lastKnownFileType = sourcecode.swift; path = Bubble.swift; sourceTree = "<group>"; };
		D08920051F413AD5006BE533 /* SwiftAlgorithm */ = {isa = PBXFileReference; explicitFileType = "compiled.mach-o.executable"; includeInIndex = 0; path = SwiftAlgorithm; sourceTree = BUILT_PRODUCTS_DIR; };
		D08920081F413AD5006BE533 /* main.swift */ = {isa = PBXFileReference; lastKnownFileType = sourcecode.swift; path = main.swift; sourceTree = "<group>"; };
		D089200F1F413B4C006BE533 /* Sort.swift */ = {isa = PBXFileReference; lastKnownFileType = sourcecode.swift; path = Sort.swift; sourceTree = "<group>"; };
		D08920111F414501006BE533 /* Others.swift */ = {isa = PBXFileReference; lastKnownFileType = sourcecode.swift; path = Others.swift; sourceTree = "<group>"; };
		D08920131F414587006BE533 /* LeetCode.swift */ = {isa = PBXFileReference; lastKnownFileType = sourcecode.swift; path = LeetCode.swift; sourceTree = "<group>"; };
		D0910403230BEFBF00F7D1C1 /* LinkedList.swift */ = {isa = PBXFileReference; lastKnownFileType = sourcecode.swift; path = LinkedList.swift; sourceTree = "<group>"; };
		D0C0D1491F44542E005DBDA4 /* Quick.swift */ = {isa = PBXFileReference; lastKnownFileType = sourcecode.swift; path = Quick.swift; sourceTree = "<group>"; };
		D0C0D14E1F4454E1005DBDA4 /* LC001.swift */ = {isa = PBXFileReference; lastKnownFileType = sourcecode.swift; path = LC001.swift; sourceTree = "<group>"; };
		D0C0D1501F445520005DBDA4 /* LC002.swift */ = {isa = PBXFileReference; lastKnownFileType = sourcecode.swift; path = LC002.swift; sourceTree = "<group>"; };
		D0C0D1521F445567005DBDA4 /* LC003.swift */ = {isa = PBXFileReference; lastKnownFileType = sourcecode.swift; path = LC003.swift; sourceTree = "<group>"; };
		D0C0D1541F44558B005DBDA4 /* LC414.swift */ = {isa = PBXFileReference; lastKnownFileType = sourcecode.swift; path = LC414.swift; sourceTree = "<group>"; };
		D0C0D1561F4455D4005DBDA4 /* ListNode.swift */ = {isa = PBXFileReference; lastKnownFileType = sourcecode.swift; path = ListNode.swift; sourceTree = "<group>"; };
		D0C0D1581F44560E005DBDA4 /* LC007.swift */ = {isa = PBXFileReference; lastKnownFileType = sourcecode.swift; path = LC007.swift; sourceTree = "<group>"; };
		D0C9D34A1FA1C78A0044F524 /* LC026.swift */ = {isa = PBXFileReference; lastKnownFileType = sourcecode.swift; path = LC026.swift; sourceTree = "<group>"; };
		D0EB01A423101A3700081DB3 /* Queue.swift */ = {isa = PBXFileReference; lastKnownFileType = sourcecode.swift; path = Queue.swift; sourceTree = "<group>"; };
		D0EF7E66229CF38C00231298 /* LC876.swift */ = {isa = PBXFileReference; lastKnownFileType = sourcecode.swift; path = LC876.swift; sourceTree = "<group>"; };
/* End PBXFileReference section */

/* Begin PBXFrameworksBuildPhase section */
		D08920021F413AD5006BE533 /* Frameworks */ = {
			isa = PBXFrameworksBuildPhase;
			buildActionMask = 2147483647;
			files = (
			);
			runOnlyForDeploymentPostprocessing = 0;
		};
/* End PBXFrameworksBuildPhase section */

/* Begin PBXGroup section */
		D07088931F445335009FB8FB /* Sort */ = {
			isa = PBXGroup;
			children = (
				D089200F1F413B4C006BE533 /* Sort.swift */,
				D07088941F44535C009FB8FB /* Bubble.swift */,
				D0C0D1491F44542E005DBDA4 /* Quick.swift */,
			);
			name = Sort;
			sourceTree = "<group>";
		};
		D0891FFC1F413AD5006BE533 = {
			isa = PBXGroup;
			children = (
				D08920071F413AD5006BE533 /* SwiftAlgorithm */,
				D08920061F413AD5006BE533 /* Products */,
			);
			sourceTree = "<group>";
		};
		D08920061F413AD5006BE533 /* Products */ = {
			isa = PBXGroup;
			children = (
				D08920051F413AD5006BE533 /* SwiftAlgorithm */,
			);
			name = Products;
			sourceTree = "<group>";
		};
		D08920071F413AD5006BE533 /* SwiftAlgorithm */ = {
			isa = PBXGroup;
			children = (
				D08920081F413AD5006BE533 /* main.swift */,
				D0C0D1561F4455D4005DBDA4 /* ListNode.swift */,
				D0910403230BEFBF00F7D1C1 /* LinkedList.swift */,
				D010293222E2FD11003DD7D1 /* Stack.swift */,
				D0EB01A423101A3700081DB3 /* Queue.swift */,
				D0C0D14D1F44548A005DBDA4 /* LeetCode */,
				D0C0D14B1F445456005DBDA4 /* Other */,
				D07088931F445335009FB8FB /* Sort */,
			);
			path = SwiftAlgorithm;
			sourceTree = "<group>";
		};
		D0C0D14B1F445456005DBDA4 /* Other */ = {
			isa = PBXGroup;
			children = (
				D08920111F414501006BE533 /* Others.swift */,
			);
			name = Other;
			sourceTree = "<group>";
		};
		D0C0D14D1F44548A005DBDA4 /* LeetCode */ = {
			isa = PBXGroup;
			children = (
				D08920131F414587006BE533 /* LeetCode.swift */,
				D0C0D14E1F4454E1005DBDA4 /* LC001.swift */,
				D0C0D1501F445520005DBDA4 /* LC002.swift */,
				D0C0D1521F445567005DBDA4 /* LC003.swift */,
				D0C0D1581F44560E005DBDA4 /* LC007.swift */,
				D010293422E2FF46003DD7D1 /* LC020.swift */,
				D0C9D34A1FA1C78A0044F524 /* LC026.swift */,
				D057AA31229BB55C00070756 /* LC083.swift */,
				D057A7F3229BA5E300070756 /* LC203.swift */,
				D057A7F1229B9C8B00070756 /* LC206.swift */,
				D0C0D1541F44558B005DBDA4 /* LC414.swift */,
				D0EF7E66229CF38C00231298 /* LC876.swift */,
				D035AB0D22E30E820081438C /* LC224.swift */,
			);
			name = LeetCode;
			sourceTree = "<group>";
		};
/* End PBXGroup section */

/* Begin PBXNativeTarget section */
		D08920041F413AD5006BE533 /* SwiftAlgorithm */ = {
			isa = PBXNativeTarget;
			buildConfigurationList = D089200C1F413AD5006BE533 /* Build configuration list for PBXNativeTarget "SwiftAlgorithm" */;
			buildPhases = (
				D08920011F413AD5006BE533 /* Sources */,
				D08920021F413AD5006BE533 /* Frameworks */,
				D08920031F413AD5006BE533 /* CopyFiles */,
			);
			buildRules = (
			);
			dependencies = (
			);
			name = SwiftAlgorithm;
			productName = SwiftAlgorithm;
			productReference = D08920051F413AD5006BE533 /* SwiftAlgorithm */;
			productType = "com.apple.product-type.tool";
		};
/* End PBXNativeTarget section */

/* Begin PBXProject section */
		D0891FFD1F413AD5006BE533 /* Project object */ = {
			isa = PBXProject;
			attributes = {
				LastSwiftUpdateCheck = 0900;
				LastUpgradeCheck = 0930;
				ORGANIZATIONNAME = Phoenix;
				TargetAttributes = {
					D08920041F413AD5006BE533 = {
						CreatedOnToolsVersion = 9.0;
						LastSwiftMigration = 1020;
					};
				};
			};
			buildConfigurationList = D08920001F413AD5006BE533 /* Build configuration list for PBXProject "SwiftAlgorithm" */;
			compatibilityVersion = "Xcode 8.0";
			developmentRegion = en;
			hasScannedForEncodings = 0;
			knownRegions = (
				en,
				Base,
			);
			mainGroup = D0891FFC1F413AD5006BE533;
			productRefGroup = D08920061F413AD5006BE533 /* Products */;
			projectDirPath = "";
			projectRoot = "";
			targets = (
				D08920041F413AD5006BE533 /* SwiftAlgorithm */,
			);
		};
/* End PBXProject section */

/* Begin PBXSourcesBuildPhase section */
		D08920011F413AD5006BE533 /* Sources */ = {
			isa = PBXSourcesBuildPhase;
			buildActionMask = 2147483647;
			files = (
				D010293522E2FF46003DD7D1 /* LC020.swift in Sources */,
				D0EF7E67229CF38C00231298 /* LC876.swift in Sources */,
				D057AA32229BB55C00070756 /* LC083.swift in Sources */,
				D0EB01A523101A3700081DB3 /* Queue.swift in Sources */,
				D08920091F413AD5006BE533 /* main.swift in Sources */,
				D0C0D14A1F44542E005DBDA4 /* Quick.swift in Sources */,
				D07088951F44535C009FB8FB /* Bubble.swift in Sources */,
				D0910404230BEFBF00F7D1C1 /* LinkedList.swift in Sources */,
				D0C0D1511F445520005DBDA4 /* LC002.swift in Sources */,
				D057A7F4229BA5E300070756 /* LC203.swift in Sources */,
				D0C9D34B1FA1C78A0044F524 /* LC026.swift in Sources */,
				D0C0D1591F44560E005DBDA4 /* LC007.swift in Sources */,
				D0C0D1531F445567005DBDA4 /* LC003.swift in Sources */,
				D010293322E2FD11003DD7D1 /* Stack.swift in Sources */,
				D08920101F413B4C006BE533 /* Sort.swift in Sources */,
				D035AB0E22E30E820081438C /* LC224.swift in Sources */,
				D0C0D1551F44558B005DBDA4 /* LC414.swift in Sources */,
				D0C0D14F1F4454E1005DBDA4 /* LC001.swift in Sources */,
				D08920141F414587006BE533 /* LeetCode.swift in Sources */,
				D057A7F2229B9C8B00070756 /* LC206.swift in Sources */,
				D08920121F414501006BE533 /* Others.swift in Sources */,
				D0C0D1571F4455D4005DBDA4 /* ListNode.swift in Sources */,
			);
			runOnlyForDeploymentPostprocessing = 0;
		};
/* End PBXSourcesBuildPhase section */

/* Begin XCBuildConfiguration section */
		D089200A1F413AD5006BE533 /* Debug */ = {
			isa = XCBuildConfiguration;
			buildSettings = {
				ALWAYS_SEARCH_USER_PATHS = NO;
				CLANG_ANALYZER_NONNULL = YES;
				CLANG_ANALYZER_NUMBER_OBJECT_CONVERSION = YES_AGGRESSIVE;
				CLANG_CXX_LANGUAGE_STANDARD = "gnu++14";
				CLANG_CXX_LIBRARY = "libc++";
				CLANG_ENABLE_MODULES = YES;
				CLANG_ENABLE_OBJC_ARC = YES;
				CLANG_WARN_BLOCK_CAPTURE_AUTORELEASING = YES;
				CLANG_WARN_BOOL_CONVERSION = YES;
				CLANG_WARN_COMMA = YES;
				CLANG_WARN_CONSTANT_CONVERSION = YES;
				CLANG_WARN_DEPRECATED_OBJC_IMPLEMENTATIONS = YES;
				CLANG_WARN_DIRECT_OBJC_ISA_USAGE = YES_ERROR;
				CLANG_WARN_DOCUMENTATION_COMMENTS = YES;
				CLANG_WARN_EMPTY_BODY = YES;
				CLANG_WARN_ENUM_CONVERSION = YES;
				CLANG_WARN_INFINITE_RECURSION = YES;
				CLANG_WARN_INT_CONVERSION = YES;
				CLANG_WARN_NON_LITERAL_NULL_CONVERSION = YES;
				CLANG_WARN_OBJC_IMPLICIT_RETAIN_SELF = YES;
				CLANG_WARN_OBJC_LITERAL_CONVERSION = YES;
				CLANG_WARN_OBJC_ROOT_CLASS = YES_ERROR;
				CLANG_WARN_RANGE_LOOP_ANALYSIS = YES;
				CLANG_WARN_STRICT_PROTOTYPES = YES;
				CLANG_WARN_SUSPICIOUS_MOVE = YES;
				CLANG_WARN_UNGUARDED_AVAILABILITY = YES_AGGRESSIVE;
				CLANG_WARN_UNREACHABLE_CODE = YES;
				CLANG_WARN__DUPLICATE_METHOD_MATCH = YES;
				CODE_SIGN_IDENTITY = "Mac Developer";
				COPY_PHASE_STRIP = NO;
				DEBUG_INFORMATION_FORMAT = dwarf;
				ENABLE_STRICT_OBJC_MSGSEND = YES;
				ENABLE_TESTABILITY = YES;
				GCC_C_LANGUAGE_STANDARD = gnu11;
				GCC_DYNAMIC_NO_PIC = NO;
				GCC_NO_COMMON_BLOCKS = YES;
				GCC_OPTIMIZATION_LEVEL = 0;
				GCC_PREPROCESSOR_DEFINITIONS = (
					"DEBUG=1",
					"$(inherited)",
				);
				GCC_WARN_64_TO_32_BIT_CONVERSION = YES;
				GCC_WARN_ABOUT_RETURN_TYPE = YES_ERROR;
				GCC_WARN_UNDECLARED_SELECTOR = YES;
				GCC_WARN_UNINITIALIZED_AUTOS = YES_AGGRESSIVE;
				GCC_WARN_UNUSED_FUNCTION = YES;
				GCC_WARN_UNUSED_VARIABLE = YES;
				MACOSX_DEPLOYMENT_TARGET = 10.12;
				MTL_ENABLE_DEBUG_INFO = YES;
				ONLY_ACTIVE_ARCH = YES;
				SDKROOT = macosx;
				SWIFT_ACTIVE_COMPILATION_CONDITIONS = DEBUG;
				SWIFT_OPTIMIZATION_LEVEL = "-Onone";
			};
			name = Debug;
		};
		D089200B1F413AD5006BE533 /* Release */ = {
			isa = XCBuildConfiguration;
			buildSettings = {
				ALWAYS_SEARCH_USER_PATHS = NO;
				CLANG_ANALYZER_NONNULL = YES;
				CLANG_ANALYZER_NUMBER_OBJECT_CONVERSION = YES_AGGRESSIVE;
				CLANG_CXX_LANGUAGE_STANDARD = "gnu++14";
				CLANG_CXX_LIBRARY = "libc++";
				CLANG_ENABLE_MODULES = YES;
				CLANG_ENABLE_OBJC_ARC = YES;
				CLANG_WARN_BLOCK_CAPTURE_AUTORELEASING = YES;
				CLANG_WARN_BOOL_CONVERSION = YES;
				CLANG_WARN_COMMA = YES;
				CLANG_WARN_CONSTANT_CONVERSION = YES;
				CLANG_WARN_DEPRECATED_OBJC_IMPLEMENTATIONS = YES;
				CLANG_WARN_DIRECT_OBJC_ISA_USAGE = YES_ERROR;
				CLANG_WARN_DOCUMENTATION_COMMENTS = YES;
				CLANG_WARN_EMPTY_BODY = YES;
				CLANG_WARN_ENUM_CONVERSION = YES;
				CLANG_WARN_INFINITE_RECURSION = YES;
				CLANG_WARN_INT_CONVERSION = YES;
				CLANG_WARN_NON_LITERAL_NULL_CONVERSION = YES;
				CLANG_WARN_OBJC_IMPLICIT_RETAIN_SELF = YES;
				CLANG_WARN_OBJC_LITERAL_CONVERSION = YES;
				CLANG_WARN_OBJC_ROOT_CLASS = YES_ERROR;
				CLANG_WARN_RANGE_LOOP_ANALYSIS = YES;
				CLANG_WARN_STRICT_PROTOTYPES = YES;
				CLANG_WARN_SUSPICIOUS_MOVE = YES;
				CLANG_WARN_UNGUARDED_AVAILABILITY = YES_AGGRESSIVE;
				CLANG_WARN_UNREACHABLE_CODE = YES;
				CLANG_WARN__DUPLICATE_METHOD_MATCH = YES;
				CODE_SIGN_IDENTITY = "Mac Developer";
				COPY_PHASE_STRIP = NO;
				DEBUG_INFORMATION_FORMAT = "dwarf-with-dsym";
				ENABLE_NS_ASSERTIONS = NO;
				ENABLE_STRICT_OBJC_MSGSEND = YES;
				GCC_C_LANGUAGE_STANDARD = gnu11;
				GCC_NO_COMMON_BLOCKS = YES;
				GCC_WARN_64_TO_32_BIT_CONVERSION = YES;
				GCC_WARN_ABOUT_RETURN_TYPE = YES_ERROR;
				GCC_WARN_UNDECLARED_SELECTOR = YES;
				GCC_WARN_UNINITIALIZED_AUTOS = YES_AGGRESSIVE;
				GCC_WARN_UNUSED_FUNCTION = YES;
				GCC_WARN_UNUSED_VARIABLE = YES;
				MACOSX_DEPLOYMENT_TARGET = 10.12;
				MTL_ENABLE_DEBUG_INFO = NO;
				SDKROOT = macosx;
				SWIFT_OPTIMIZATION_LEVEL = "-Owholemodule";
			};
			name = Release;
		};
		D089200D1F413AD5006BE533 /* Debug */ = {
			isa = XCBuildConfiguration;
			buildSettings = {
				DEVELOPMENT_TEAM = 8TCNQ547JF;
				PRODUCT_NAME = "$(TARGET_NAME)";
				SWIFT_VERSION = 5.0;
			};
			name = Debug;
		};
		D089200E1F413AD5006BE533 /* Release */ = {
			isa = XCBuildConfiguration;
			buildSettings = {
				DEVELOPMENT_TEAM = 8TCNQ547JF;
				PRODUCT_NAME = "$(TARGET_NAME)";
				SWIFT_VERSION = 5.0;
			};
			name = Release;
		};
/* End XCBuildConfiguration section */

/* Begin XCConfigurationList section */
		D08920001F413AD5006BE533 /* Build configuration list for PBXProject "SwiftAlgorithm" */ = {
			isa = XCConfigurationList;
			buildConfigurations = (
				D089200A1F413AD5006BE533 /* Debug */,
				D089200B1F413AD5006BE533 /* Release */,
			);
			defaultConfigurationIsVisible = 0;
			defaultConfigurationName = Release;
		};
		D089200C1F413AD5006BE533 /* Build configuration list for PBXNativeTarget "SwiftAlgorithm" */ = {
			isa = XCConfigurationList;
			buildConfigurations = (
				D089200D1F413AD5006BE533 /* Debug */,
				D089200E1F413AD5006BE533 /* Release */,
			);
			defaultConfigurationIsVisible = 0;
			defaultConfigurationName = Release;
		};
/* End XCConfigurationList section */
	};
	rootObject = D0891FFD1F413AD5006BE533 /* Project object */;
}
